// !$*UTF8*$!
{
	archiveVersion = 1;
	classes = {
	};
	objectVersion = 50;
	objects = {

/* Begin PBXBuildFile section */
		3961D582224BCA0A002C4975 /* AppDelegate.swift in Sources */ = {isa = PBXBuildFile; fileRef = 3961D581224BCA0A002C4975 /* AppDelegate.swift */; };
		3961D584224BCA0A002C4975 /* art.scnassets in Resources */ = {isa = PBXBuildFile; fileRef = 3961D583224BCA0A002C4975 /* art.scnassets */; };
		3961D586224BCA0A002C4975 /* ViewController.swift in Sources */ = {isa = PBXBuildFile; fileRef = 3961D585224BCA0A002C4975 /* ViewController.swift */; };
		3961D589224BCA0A002C4975 /* Main.storyboard in Resources */ = {isa = PBXBuildFile; fileRef = 3961D587224BCA0A002C4975 /* Main.storyboard */; };
		3961D58B224BCA0A002C4975 /* Assets.xcassets in Resources */ = {isa = PBXBuildFile; fileRef = 3961D58A224BCA0A002C4975 /* Assets.xcassets */; };
		3961D58E224BCA0A002C4975 /* LaunchScreen.storyboard in Resources */ = {isa = PBXBuildFile; fileRef = 3961D58C224BCA0A002C4975 /* LaunchScreen.storyboard */; };
		3961D5A2224BCA45002C4975 /* IOSTransformGizmos.framework in Frameworks */ = {isa = PBXBuildFile; fileRef = 3961D5A1224BCA3E002C4975 /* IOSTransformGizmos.framework */; };
		3961D5A3224BCA45002C4975 /* IOSTransformGizmos.framework in Embed Frameworks */ = {isa = PBXBuildFile; fileRef = 3961D5A1224BCA3E002C4975 /* IOSTransformGizmos.framework */; settings = {ATTRIBUTES = (CodeSignOnCopy, RemoveHeadersOnCopy, ); }; };
/* End PBXBuildFile section */

/* Begin PBXContainerItemProxy section */
		3961D5A0224BCA3E002C4975 /* PBXContainerItemProxy */ = {
			isa = PBXContainerItemProxy;
			containerPortal = 3961D59C224BCA3E002C4975 /* IOSTransformGizmos.xcodeproj */;
			proxyType = 2;
			remoteGlobalIDString = 39A898ED224B874600386AF9;
			remoteInfo = IOSTransformGizmos;
		};
		3961D5A4224BCA45002C4975 /* PBXContainerItemProxy */ = {
			isa = PBXContainerItemProxy;
			containerPortal = 3961D59C224BCA3E002C4975 /* IOSTransformGizmos.xcodeproj */;
			proxyType = 1;
			remoteGlobalIDString = 39A898EC224B874600386AF9;
			remoteInfo = IOSTransformGizmos;
		};
/* End PBXContainerItemProxy section */

/* Begin PBXCopyFilesBuildPhase section */
		3961D5A6224BCA45002C4975 /* Embed Frameworks */ = {
			isa = PBXCopyFilesBuildPhase;
			buildActionMask = 2147483647;
			dstPath = "";
			dstSubfolderSpec = 10;
			files = (
				3961D5A3224BCA45002C4975 /* IOSTransformGizmos.framework in Embed Frameworks */,
			);
			name = "Embed Frameworks";
			runOnlyForDeploymentPostprocessing = 0;
		};
/* End PBXCopyFilesBuildPhase section */

/* Begin PBXFileReference section */
		3961D57E224BCA0A002C4975 /* ARKitScene.app */ = {isa = PBXFileReference; explicitFileType = wrapper.application; includeInIndex = 0; path = ARKitScene.app; sourceTree = BUILT_PRODUCTS_DIR; };
		3961D581224BCA0A002C4975 /* AppDelegate.swift */ = {isa = PBXFileReference; lastKnownFileType = sourcecode.swift; path = AppDelegate.swift; sourceTree = "<group>"; };
		3961D583224BCA0A002C4975 /* art.scnassets */ = {isa = PBXFileReference; lastKnownFileType = wrapper.scnassets; path = art.scnassets; sourceTree = "<group>"; };
		3961D585224BCA0A002C4975 /* ViewController.swift */ = {isa = PBXFileReference; lastKnownFileType = sourcecode.swift; path = ViewController.swift; sourceTree = "<group>"; };
		3961D588224BCA0A002C4975 /* Base */ = {isa = PBXFileReference; lastKnownFileType = file.storyboard; name = Base; path = Base.lproj/Main.storyboard; sourceTree = "<group>"; };
		3961D58A224BCA0A002C4975 /* Assets.xcassets */ = {isa = PBXFileReference; lastKnownFileType = folder.assetcatalog; path = Assets.xcassets; sourceTree = "<group>"; };
		3961D58D224BCA0A002C4975 /* Base */ = {isa = PBXFileReference; lastKnownFileType = file.storyboard; name = Base; path = Base.lproj/LaunchScreen.storyboard; sourceTree = "<group>"; };
		3961D58F224BCA0A002C4975 /* Info.plist */ = {isa = PBXFileReference; lastKnownFileType = text.plist.xml; path = Info.plist; sourceTree = "<group>"; };
		3961D59C224BCA3E002C4975 /* IOSTransformGizmos.xcodeproj */ = {isa = PBXFileReference; lastKnownFileType = "wrapper.pb-project"; name = IOSTransformGizmos.xcodeproj; path = ../../../../IOSTransformGizmos.xcodeproj; sourceTree = "<group>"; };
/* End PBXFileReference section */

/* Begin PBXFrameworksBuildPhase section */
		3961D57B224BCA0A002C4975 /* Frameworks */ = {
			isa = PBXFrameworksBuildPhase;
			buildActionMask = 2147483647;
			files = (
				3961D5A2224BCA45002C4975 /* IOSTransformGizmos.framework in Frameworks */,
			);
			runOnlyForDeploymentPostprocessing = 0;
		};
/* End PBXFrameworksBuildPhase section */

/* Begin PBXGroup section */
		3961D575224BCA09002C4975 = {
			isa = PBXGroup;
			children = (
				3961D59B224BCA34002C4975 /* Frameworks */,
				3961D580224BCA0A002C4975 /* ARKitScene */,
				3961D57F224BCA0A002C4975 /* Products */,
			);
			sourceTree = "<group>";
		};
		3961D57F224BCA0A002C4975 /* Products */ = {
			isa = PBXGroup;
			children = (
				3961D57E224BCA0A002C4975 /* ARKitScene.app */,
			);
			name = Products;
			sourceTree = "<group>";
		};
		3961D580224BCA0A002C4975 /* ARKitScene */ = {
			isa = PBXGroup;
			children = (
				3961D581224BCA0A002C4975 /* AppDelegate.swift */,
				3961D583224BCA0A002C4975 /* art.scnassets */,
				3961D585224BCA0A002C4975 /* ViewController.swift */,
				3961D587224BCA0A002C4975 /* Main.storyboard */,
				3961D58A224BCA0A002C4975 /* Assets.xcassets */,
				3961D58C224BCA0A002C4975 /* LaunchScreen.storyboard */,
				3961D58F224BCA0A002C4975 /* Info.plist */,
			);
			path = ARKitScene;
			sourceTree = "<group>";
		};
		3961D59B224BCA34002C4975 /* Frameworks */ = {
			isa = PBXGroup;
			children = (
				3961D59C224BCA3E002C4975 /* IOSTransformGizmos.xcodeproj */,
			);
			path = Frameworks;
			sourceTree = "<group>";
		};
		3961D59D224BCA3E002C4975 /* Products */ = {
			isa = PBXGroup;
			children = (
				3961D5A1224BCA3E002C4975 /* IOSTransformGizmos.framework */,
			);
			name = Products;
			sourceTree = "<group>";
		};
/* End PBXGroup section */

/* Begin PBXNativeTarget section */
		3961D57D224BCA0A002C4975 /* ARKitScene */ = {
			isa = PBXNativeTarget;
			buildConfigurationList = 3961D592224BCA0A002C4975 /* Build configuration list for PBXNativeTarget "ARKitScene" */;
			buildPhases = (
				3961D57A224BCA0A002C4975 /* Sources */,
				3961D57B224BCA0A002C4975 /* Frameworks */,
				3961D57C224BCA0A002C4975 /* Resources */,
				3961D5A6224BCA45002C4975 /* Embed Frameworks */,
			);
			buildRules = (
			);
			dependencies = (
				3961D5A5224BCA45002C4975 /* PBXTargetDependency */,
			);
			name = ARKitScene;
			productName = ARKitScene;
			productReference = 3961D57E224BCA0A002C4975 /* ARKitScene.app */;
			productType = "com.apple.product-type.application";
		};
/* End PBXNativeTarget section */

/* Begin PBXProject section */
		3961D576224BCA09002C4975 /* Project object */ = {
			isa = PBXProject;
			attributes = {
				LastSwiftUpdateCheck = 1020;
				LastUpgradeCheck = 1020;
				ORGANIZATIONNAME = Taqtile;
				TargetAttributes = {
					3961D57D224BCA0A002C4975 = {
						CreatedOnToolsVersion = 10.2;
					};
				};
			};
			buildConfigurationList = 3961D579224BCA09002C4975 /* Build configuration list for PBXProject "ARKitScene" */;
			compatibilityVersion = "Xcode 9.3";
			developmentRegion = en;
			hasScannedForEncodings = 0;
			knownRegions = (
				en,
				Base,
			);
			mainGroup = 3961D575224BCA09002C4975;
			productRefGroup = 3961D57F224BCA0A002C4975 /* Products */;
			projectDirPath = "";
			projectReferences = (
				{
					ProductGroup = 3961D59D224BCA3E002C4975 /* Products */;
					ProjectRef = 3961D59C224BCA3E002C4975 /* IOSTransformGizmos.xcodeproj */;
				},
			);
			projectRoot = "";
			targets = (
				3961D57D224BCA0A002C4975 /* ARKitScene */,
			);
		};
/* End PBXProject section */

/* Begin PBXReferenceProxy section */
		3961D5A1224BCA3E002C4975 /* IOSTransformGizmos.framework */ = {
			isa = PBXReferenceProxy;
			fileType = wrapper.framework;
			path = IOSTransformGizmos.framework;
			remoteRef = 3961D5A0224BCA3E002C4975 /* PBXContainerItemProxy */;
			sourceTree = BUILT_PRODUCTS_DIR;
		};
/* End PBXReferenceProxy section */

/* Begin PBXResourcesBuildPhase section */
		3961D57C224BCA0A002C4975 /* Resources */ = {
			isa = PBXResourcesBuildPhase;
			buildActionMask = 2147483647;
			files = (
				3961D584224BCA0A002C4975 /* art.scnassets in Resources */,
				3961D58E224BCA0A002C4975 /* LaunchScreen.storyboard in Resources */,
				3961D58B224BCA0A002C4975 /* Assets.xcassets in Resources */,
				3961D589224BCA0A002C4975 /* Main.storyboard in Resources */,
			);
			runOnlyForDeploymentPostprocessing = 0;
		};
/* End PBXResourcesBuildPhase section */

/* Begin PBXSourcesBuildPhase section */
		3961D57A224BCA0A002C4975 /* Sources */ = {
			isa = PBXSourcesBuildPhase;
			buildActionMask = 2147483647;
			files = (
				3961D586224BCA0A002C4975 /* ViewController.swift in Sources */,
				3961D582224BCA0A002C4975 /* AppDelegate.swift in Sources */,
			);
			runOnlyForDeploymentPostprocessing = 0;
		};
/* End PBXSourcesBuildPhase section */

/* Begin PBXTargetDependency section */
		3961D5A5224BCA45002C4975 /* PBXTargetDependency */ = {
			isa = PBXTargetDependency;
			name = IOSTransformGizmos;
			targetProxy = 3961D5A4224BCA45002C4975 /* PBXContainerItemProxy */;
		};
/* End PBXTargetDependency section */

/* Begin PBXVariantGroup section */
		3961D587224BCA0A002C4975 /* Main.storyboard */ = {
			isa = PBXVariantGroup;
			children = (
				3961D588224BCA0A002C4975 /* Base */,
			);
			name = Main.storyboard;
			sourceTree = "<group>";
		};
		3961D58C224BCA0A002C4975 /* LaunchScreen.storyboard */ = {
			isa = PBXVariantGroup;
			children = (
				3961D58D224BCA0A002C4975 /* Base */,
			);
			name = LaunchScreen.storyboard;
			sourceTree = "<group>";
		};
/* End PBXVariantGroup section */

/* Begin XCBuildConfiguration section */
		3961D590224BCA0A002C4975 /* Debug */ = {
			isa = XCBuildConfiguration;
			buildSettings = {
				ALWAYS_SEARCH_USER_PATHS = NO;
				CLANG_ANALYZER_NONNULL = YES;
				CLANG_ANALYZER_NUMBER_OBJECT_CONVERSION = YES_AGGRESSIVE;
				CLANG_CXX_LANGUAGE_STANDARD = "gnu++14";
				CLANG_CXX_LIBRARY = "libc++";
				CLANG_ENABLE_MODULES = YES;
				CLANG_ENABLE_OBJC_ARC = YES;
				CLANG_ENABLE_OBJC_WEAK = YES;
				CLANG_WARN_BLOCK_CAPTURE_AUTORELEASING = YES;
				CLANG_WARN_BOOL_CONVERSION = YES;
				CLANG_WARN_COMMA = YES;
				CLANG_WARN_CONSTANT_CONVERSION = YES;
				CLANG_WARN_DEPRECATED_OBJC_IMPLEMENTATIONS = YES;
				CLANG_WARN_DIRECT_OBJC_ISA_USAGE = YES_ERROR;
				CLANG_WARN_DOCUMENTATION_COMMENTS = YES;
				CLANG_WARN_EMPTY_BODY = YES;
				CLANG_WARN_ENUM_CONVERSION = YES;
				CLANG_WARN_INFINITE_RECURSION = YES;
				CLANG_WARN_INT_CONVERSION = YES;
				CLANG_WARN_NON_LITERAL_NULL_CONVERSION = YES;
				CLANG_WARN_OBJC_IMPLICIT_RETAIN_SELF = YES;
				CLANG_WARN_OBJC_LITERAL_CONVERSION = YES;
				CLANG_WARN_OBJC_ROOT_CLASS = YES_ERROR;
				CLANG_WARN_RANGE_LOOP_ANALYSIS = YES;
				CLANG_WARN_STRICT_PROTOTYPES = YES;
				CLANG_WARN_SUSPICIOUS_MOVE = YES;
				CLANG_WARN_UNGUARDED_AVAILABILITY = YES_AGGRESSIVE;
				CLANG_WARN_UNREACHABLE_CODE = YES;
				CLANG_WARN__DUPLICATE_METHOD_MATCH = YES;
				CODE_SIGN_IDENTITY = "iPhone Developer";
				COPY_PHASE_STRIP = NO;
				DEBUG_INFORMATION_FORMAT = dwarf;
				ENABLE_STRICT_OBJC_MSGSEND = YES;
				ENABLE_TESTABILITY = YES;
				GCC_C_LANGUAGE_STANDARD = gnu11;
				GCC_DYNAMIC_NO_PIC = NO;
				GCC_NO_COMMON_BLOCKS = YES;
				GCC_OPTIMIZATION_LEVEL = 0;
				GCC_PREPROCESSOR_DEFINITIONS = (
					"DEBUG=1",
					"$(inherited)",
				);
				GCC_WARN_64_TO_32_BIT_CONVERSION = YES;
				GCC_WARN_ABOUT_RETURN_TYPE = YES_ERROR;
				GCC_WARN_UNDECLARED_SELECTOR = YES;
				GCC_WARN_UNINITIALIZED_AUTOS = YES_AGGRESSIVE;
				GCC_WARN_UNUSED_FUNCTION = YES;
				GCC_WARN_UNUSED_VARIABLE = YES;
				IPHONEOS_DEPLOYMENT_TARGET = 12.2;
				MTL_ENABLE_DEBUG_INFO = INCLUDE_SOURCE;
				MTL_FAST_MATH = YES;
				ONLY_ACTIVE_ARCH = YES;
				SDKROOT = iphoneos;
				SWIFT_ACTIVE_COMPILATION_CONDITIONS = DEBUG;
				SWIFT_OPTIMIZATION_LEVEL = "-Onone";
			};
			name = Debug;
		};
		3961D591224BCA0A002C4975 /* Release */ = {
			isa = XCBuildConfiguration;
			buildSettings = {
				ALWAYS_SEARCH_USER_PATHS = NO;
				CLANG_ANALYZER_NONNULL = YES;
				CLANG_ANALYZER_NUMBER_OBJECT_CONVERSION = YES_AGGRESSIVE;
				CLANG_CXX_LANGUAGE_STANDARD = "gnu++14";
				CLANG_CXX_LIBRARY = "libc++";
				CLANG_ENABLE_MODULES = YES;
				CLANG_ENABLE_OBJC_ARC = YES;
				CLANG_ENABLE_OBJC_WEAK = YES;
				CLANG_WARN_BLOCK_CAPTURE_AUTORELEASING = YES;
				CLANG_WARN_BOOL_CONVERSION = YES;
				CLANG_WARN_COMMA = YES;
				CLANG_WARN_CONSTANT_CONVERSION = YES;
				CLANG_WARN_DEPRECATED_OBJC_IMPLEMENTATIONS = YES;
				CLANG_WARN_DIRECT_OBJC_ISA_USAGE = YES_ERROR;
				CLANG_WARN_DOCUMENTATION_COMMENTS = YES;
				CLANG_WARN_EMPTY_BODY = YES;
				CLANG_WARN_ENUM_CONVERSION = YES;
				CLANG_WARN_INFINITE_RECURSION = YES;
				CLANG_WARN_INT_CONVERSION = YES;
				CLANG_WARN_NON_LITERAL_NULL_CONVERSION = YES;
				CLANG_WARN_OBJC_IMPLICIT_RETAIN_SELF = YES;
				CLANG_WARN_OBJC_LITERAL_CONVERSION = YES;
				CLANG_WARN_OBJC_ROOT_CLASS = YES_ERROR;
				CLANG_WARN_RANGE_LOOP_ANALYSIS = YES;
				CLANG_WARN_STRICT_PROTOTYPES = YES;
				CLANG_WARN_SUSPICIOUS_MOVE = YES;
				CLANG_WARN_UNGUARDED_AVAILABILITY = YES_AGGRESSIVE;
				CLANG_WARN_UNREACHABLE_CODE = YES;
				CLANG_WARN__DUPLICATE_METHOD_MATCH = YES;
				CODE_SIGN_IDENTITY = "iPhone Developer";
				COPY_PHASE_STRIP = NO;
				DEBUG_INFORMATION_FORMAT = "dwarf-with-dsym";
				ENABLE_NS_ASSERTIONS = NO;
				ENABLE_STRICT_OBJC_MSGSEND = YES;
				GCC_C_LANGUAGE_STANDARD = gnu11;
				GCC_NO_COMMON_BLOCKS = YES;
				GCC_WARN_64_TO_32_BIT_CONVERSION = YES;
				GCC_WARN_ABOUT_RETURN_TYPE = YES_ERROR;
				GCC_WARN_UNDECLARED_SELECTOR = YES;
				GCC_WARN_UNINITIALIZED_AUTOS = YES_AGGRESSIVE;
				GCC_WARN_UNUSED_FUNCTION = YES;
				GCC_WARN_UNUSED_VARIABLE = YES;
				IPHONEOS_DEPLOYMENT_TARGET = 12.2;
				MTL_ENABLE_DEBUG_INFO = NO;
				MTL_FAST_MATH = YES;
				SDKROOT = iphoneos;
				SWIFT_COMPILATION_MODE = wholemodule;
				SWIFT_OPTIMIZATION_LEVEL = "-O";
				VALIDATE_PRODUCT = YES;
			};
			name = Release;
		};
		3961D593224BCA0A002C4975 /* Debug */ = {
			isa = XCBuildConfiguration;
			buildSettings = {
				ALWAYS_EMBED_SWIFT_STANDARD_LIBRARIES = YES;
				ASSETCATALOG_COMPILER_APPICON_NAME = AppIcon;
				CODE_SIGN_STYLE = Automatic;
				DEVELOPMENT_TEAM = 5APAKDQYSW;
				INFOPLIST_FILE = ARKitScene/Info.plist;
				LD_RUNPATH_SEARCH_PATHS = (
					"$(inherited)",
					"@executable_path/Frameworks",
				);
				PRODUCT_BUNDLE_IDENTIFIER = com.Taqtile.ARKitScene;
				PRODUCT_NAME = "$(TARGET_NAME)";
				SWIFT_VERSION = 5.0;
				TARGETED_DEVICE_FAMILY = "1,2";
			};
			name = Debug;
		};
		3961D594224BCA0A002C4975 /* Release */ = {
			isa = XCBuildConfiguration;
			buildSettings = {
				ALWAYS_EMBED_SWIFT_STANDARD_LIBRARIES = YES;
				ASSETCATALOG_COMPILER_APPICON_NAME = AppIcon;
				CODE_SIGN_STYLE = Automatic;
				DEVELOPMENT_TEAM = 5APAKDQYSW;
				INFOPLIST_FILE = ARKitScene/Info.plist;
				LD_RUNPATH_SEARCH_PATHS = (
					"$(inherited)",
					"@executable_path/Frameworks",
				);
				PRODUCT_BUNDLE_IDENTIFIER = com.Taqtile.ARKitScene;
				PRODUCT_NAME = "$(TARGET_NAME)";
				SWIFT_VERSION = 5.0;
				TARGETED_DEVICE_FAMILY = "1,2";
			};
			name = Release;
		};
/* End XCBuildConfiguration section */

/* Begin XCConfigurationList section */
		3961D579224BCA09002C4975 /* Build configuration list for PBXProject "ARKitScene" */ = {
			isa = XCConfigurationList;
			buildConfigurations = (
				3961D590224BCA0A002C4975 /* Debug */,
				3961D591224BCA0A002C4975 /* Release */,
			);
			defaultConfigurationIsVisible = 0;
			defaultConfigurationName = Release;
		};
		3961D592224BCA0A002C4975 /* Build configuration list for PBXNativeTarget "ARKitScene" */ = {
			isa = XCConfigurationList;
			buildConfigurations = (
				3961D593224BCA0A002C4975 /* Debug */,
				3961D594224BCA0A002C4975 /* Release */,
			);
			defaultConfigurationIsVisible = 0;
			defaultConfigurationName = Release;
		};
/* End XCConfigurationList section */
	};
	rootObject = 3961D576224BCA09002C4975 /* Project object */;
}
